// !$*UTF8*$!
{
	archiveVersion = 1;
	classes = {
	};
	objectVersion = 46;
	objects = {

/* Begin PBXBuildFile section */
		C01510C016DC2982006F2FFF /* DetailPopup.xib in Resources */ = {isa = PBXBuildFile; fileRef = C01510BF16DC2982006F2FFF /* DetailPopup.xib */; };
		C01714B816DC0E2600D0551D /* DetailPopup.m in Sources */ = {isa = PBXBuildFile; fileRef = C01714B716DC0E2600D0551D /* DetailPopup.m */; };
		C05EE2D416D5AE7E008D4108 /* UIKit.framework in Frameworks */ = {isa = PBXBuildFile; fileRef = C05EE2D316D5AE7E008D4108 /* UIKit.framework */; };
		C05EE2D616D5AE7E008D4108 /* Foundation.framework in Frameworks */ = {isa = PBXBuildFile; fileRef = C05EE2D516D5AE7E008D4108 /* Foundation.framework */; };
		C05EE2D816D5AE7E008D4108 /* CoreGraphics.framework in Frameworks */ = {isa = PBXBuildFile; fileRef = C05EE2D716D5AE7E008D4108 /* CoreGraphics.framework */; };
		C05EE2DE16D5AE7E008D4108 /* InfoPlist.strings in Resources */ = {isa = PBXBuildFile; fileRef = C05EE2DC16D5AE7E008D4108 /* InfoPlist.strings */; };
		C05EE2E016D5AE7E008D4108 /* main.m in Sources */ = {isa = PBXBuildFile; fileRef = C05EE2DF16D5AE7E008D4108 /* main.m */; };
		C05EE2E416D5AE7E008D4108 /* AppDelegate.m in Sources */ = {isa = PBXBuildFile; fileRef = C05EE2E316D5AE7E008D4108 /* AppDelegate.m */; };
		C05EE2E616D5AE7E008D4108 /* Default.png in Resources */ = {isa = PBXBuildFile; fileRef = C05EE2E516D5AE7E008D4108 /* Default.png */; };
		C05EE2E816D5AE7E008D4108 /* Default@2x.png in Resources */ = {isa = PBXBuildFile; fileRef = C05EE2E716D5AE7E008D4108 /* Default@2x.png */; };
		C05EE2EA16D5AE7E008D4108 /* Default-568h@2x.png in Resources */ = {isa = PBXBuildFile; fileRef = C05EE2E916D5AE7E008D4108 /* Default-568h@2x.png */; };
		C05EE2ED16D5AE7E008D4108 /* ViewController.m in Sources */ = {isa = PBXBuildFile; fileRef = C05EE2EC16D5AE7E008D4108 /* ViewController.m */; };
		C05EE2F016D5AE7E008D4108 /* ViewController.xib in Resources */ = {isa = PBXBuildFile; fileRef = C05EE2EE16D5AE7E008D4108 /* ViewController.xib */; };
		C05EE2F816D5AECC008D4108 /* ObjectManager.m in Sources */ = {isa = PBXBuildFile; fileRef = C05EE2F716D5AECC008D4108 /* ObjectManager.m */; };
		C05EE2FB16D5AF58008D4108 /* PlantObject.m in Sources */ = {isa = PBXBuildFile; fileRef = C05EE2FA16D5AF58008D4108 /* PlantObject.m */; };
		C05EE2FE16D5AFC8008D4108 /* CritterObject.m in Sources */ = {isa = PBXBuildFile; fileRef = C05EE2FD16D5AFC8008D4108 /* CritterObject.m */; };
		C05EE30016D5B940008D4108 /* icon.png in Resources */ = {isa = PBXBuildFile; fileRef = C05EE2FF16D5B940008D4108 /* icon.png */; };
		C05EE30216D5B95B008D4108 /* banner.png in Resources */ = {isa = PBXBuildFile; fileRef = C05EE30116D5B95B008D4108 /* banner.png */; };
		C05EE30416D5E920008D4108 /* cameraB.png in Resources */ = {isa = PBXBuildFile; fileRef = C05EE30316D5E920008D4108 /* cameraB.png */; };
		C09302A816D6F1DB009E02B0 /* AddObject.m in Sources */ = {isa = PBXBuildFile; fileRef = C09302A616D6F1DA009E02B0 /* AddObject.m */; };
		C09302A916D6F1DB009E02B0 /* AddObject.xib in Resources */ = {isa = PBXBuildFile; fileRef = C09302A716D6F1DB009E02B0 /* AddObject.xib */; };
		C09302AC16D6F6C9009E02B0 /* Object.m in Sources */ = {isa = PBXBuildFile; fileRef = C09302AB16D6F6C9009E02B0 /* Object.m */; };
		C0A4C8C816DC36160009BF1E /* no_image.png in Resources */ = {isa = PBXBuildFile; fileRef = C0A4C8C716DC36160009BF1E /* no_image.png */; };
		C0ADAE3E16D6D7600042A5BF /* WelcomePop.m in Sources */ = {isa = PBXBuildFile; fileRef = C0ADAE3C16D6D7600042A5BF /* WelcomePop.m */; };
		C0ADAE3F16D6D7600042A5BF /* WelcomePop.xib in Resources */ = {isa = PBXBuildFile; fileRef = C0ADAE3D16D6D7600042A5BF /* WelcomePop.xib */; };
/* End PBXBuildFile section */

/* Begin PBXFileReference section */
		C01510BF16DC2982006F2FFF /* DetailPopup.xib */ = {isa = PBXFileReference; fileEncoding = 4; lastKnownFileType = file.xib; path = DetailPopup.xib; sourceTree = "<group>"; };
		C01714B616DC0E2600D0551D /* DetailPopup.h */ = {isa = PBXFileReference; fileEncoding = 4; lastKnownFileType = sourcecode.c.h; path = DetailPopup.h; sourceTree = "<group>"; };
		C01714B716DC0E2600D0551D /* DetailPopup.m */ = {isa = PBXFileReference; fileEncoding = 4; lastKnownFileType = sourcecode.c.objc; path = DetailPopup.m; sourceTree = "<group>"; };
		C05EE2CF16D5AE7E008D4108 /* West_Assignment6.app */ = {isa = PBXFileReference; explicitFileType = wrapper.application; includeInIndex = 0; path = West_Assignment6.app; sourceTree = BUILT_PRODUCTS_DIR; };
		C05EE2D316D5AE7E008D4108 /* UIKit.framework */ = {isa = PBXFileReference; lastKnownFileType = wrapper.framework; name = UIKit.framework; path = System/Library/Frameworks/UIKit.framework; sourceTree = SDKROOT; };
		C05EE2D516D5AE7E008D4108 /* Foundation.framework */ = {isa = PBXFileReference; lastKnownFileType = wrapper.framework; name = Foundation.framework; path = System/Library/Frameworks/Foundation.framework; sourceTree = SDKROOT; };
		C05EE2D716D5AE7E008D4108 /* CoreGraphics.framework */ = {isa = PBXFileReference; lastKnownFileType = wrapper.framework; name = CoreGraphics.framework; path = System/Library/Frameworks/CoreGraphics.framework; sourceTree = SDKROOT; };
		C05EE2DB16D5AE7E008D4108 /* West_Assignment6-Info.plist */ = {isa = PBXFileReference; lastKnownFileType = text.plist.xml; path = "West_Assignment6-Info.plist"; sourceTree = "<group>"; };
		C05EE2DD16D5AE7E008D4108 /* en */ = {isa = PBXFileReference; lastKnownFileType = text.plist.strings; name = en; path = en.lproj/InfoPlist.strings; sourceTree = "<group>"; };
		C05EE2DF16D5AE7E008D4108 /* main.m */ = {isa = PBXFileReference; lastKnownFileType = sourcecode.c.objc; path = main.m; sourceTree = "<group>"; };
		C05EE2E116D5AE7E008D4108 /* West_Assignment6-Prefix.pch */ = {isa = PBXFileReference; lastKnownFileType = sourcecode.c.h; path = "West_Assignment6-Prefix.pch"; sourceTree = "<group>"; };
		C05EE2E216D5AE7E008D4108 /* AppDelegate.h */ = {isa = PBXFileReference; lastKnownFileType = sourcecode.c.h; path = AppDelegate.h; sourceTree = "<group>"; };
		C05EE2E316D5AE7E008D4108 /* AppDelegate.m */ = {isa = PBXFileReference; lastKnownFileType = sourcecode.c.objc; path = AppDelegate.m; sourceTree = "<group>"; };
		C05EE2E516D5AE7E008D4108 /* Default.png */ = {isa = PBXFileReference; lastKnownFileType = image.png; path = Default.png; sourceTree = "<group>"; };
		C05EE2E716D5AE7E008D4108 /* Default@2x.png */ = {isa = PBXFileReference; lastKnownFileType = image.png; path = "Default@2x.png"; sourceTree = "<group>"; };
		C05EE2E916D5AE7E008D4108 /* Default-568h@2x.png */ = {isa = PBXFileReference; lastKnownFileType = image.png; path = "Default-568h@2x.png"; sourceTree = "<group>"; };
		C05EE2EB16D5AE7E008D4108 /* ViewController.h */ = {isa = PBXFileReference; lastKnownFileType = sourcecode.c.h; path = ViewController.h; sourceTree = "<group>"; };
		C05EE2EC16D5AE7E008D4108 /* ViewController.m */ = {isa = PBXFileReference; lastKnownFileType = sourcecode.c.objc; path = ViewController.m; sourceTree = "<group>"; };
		C05EE2EF16D5AE7E008D4108 /* en */ = {isa = PBXFileReference; lastKnownFileType = file.xib; name = en; path = en.lproj/ViewController.xib; sourceTree = "<group>"; };
		C05EE2F616D5AECC008D4108 /* ObjectManager.h */ = {isa = PBXFileReference; fileEncoding = 4; lastKnownFileType = sourcecode.c.h; path = ObjectManager.h; sourceTree = "<group>"; };
		C05EE2F716D5AECC008D4108 /* ObjectManager.m */ = {isa = PBXFileReference; fileEncoding = 4; lastKnownFileType = sourcecode.c.objc; path = ObjectManager.m; sourceTree = "<group>"; };
		C05EE2F916D5AF58008D4108 /* PlantObject.h */ = {isa = PBXFileReference; fileEncoding = 4; lastKnownFileType = sourcecode.c.h; name = PlantObject.h; path = West_Assignment6/PlantObject.h; sourceTree = "<group>"; };
		C05EE2FA16D5AF58008D4108 /* PlantObject.m */ = {isa = PBXFileReference; fileEncoding = 4; lastKnownFileType = sourcecode.c.objc; name = PlantObject.m; path = West_Assignment6/PlantObject.m; sourceTree = "<group>"; };
		C05EE2FC16D5AFC8008D4108 /* CritterObject.h */ = {isa = PBXFileReference; fileEncoding = 4; lastKnownFileType = sourcecode.c.h; name = CritterObject.h; path = West_Assignment6/CritterObject.h; sourceTree = "<group>"; };
		C05EE2FD16D5AFC8008D4108 /* CritterObject.m */ = {isa = PBXFileReference; fileEncoding = 4; lastKnownFileType = sourcecode.c.objc; name = CritterObject.m; path = West_Assignment6/CritterObject.m; sourceTree = "<group>"; };
		C05EE2FF16D5B940008D4108 /* icon.png */ = {isa = PBXFileReference; lastKnownFileType = image.png; name = icon.png; path = ../icon.png; sourceTree = "<group>"; };
		C05EE30116D5B95B008D4108 /* banner.png */ = {isa = PBXFileReference; lastKnownFileType = image.png; path = banner.png; sourceTree = "<group>"; };
		C05EE30316D5E920008D4108 /* cameraB.png */ = {isa = PBXFileReference; lastKnownFileType = image.png; path = cameraB.png; sourceTree = "<group>"; };
		C09302A516D6F1DA009E02B0 /* AddObject.h */ = {isa = PBXFileReference; fileEncoding = 4; lastKnownFileType = sourcecode.c.h; path = AddObject.h; sourceTree = "<group>"; };
		C09302A616D6F1DA009E02B0 /* AddObject.m */ = {isa = PBXFileReference; fileEncoding = 4; lastKnownFileType = sourcecode.c.objc; path = AddObject.m; sourceTree = "<group>"; };
		C09302A716D6F1DB009E02B0 /* AddObject.xib */ = {isa = PBXFileReference; fileEncoding = 4; lastKnownFileType = file.xib; path = AddObject.xib; sourceTree = "<group>"; };
		C09302AA16D6F6C8009E02B0 /* Object.h */ = {isa = PBXFileReference; fileEncoding = 4; lastKnownFileType = sourcecode.c.h; name = Object.h; path = West_Assignment6/Object.h; sourceTree = "<group>"; };
		C09302AB16D6F6C9009E02B0 /* Object.m */ = {isa = PBXFileReference; fileEncoding = 4; lastKnownFileType = sourcecode.c.objc; name = Object.m; path = West_Assignment6/Object.m; sourceTree = "<group>"; };
		C0A4C8C716DC36160009BF1E /* no_image.png */ = {isa = PBXFileReference; lastKnownFileType = image.png; path = no_image.png; sourceTree = "<group>"; };
		C0ADAE3B16D6D7600042A5BF /* WelcomePop.h */ = {isa = PBXFileReference; fileEncoding = 4; lastKnownFileType = sourcecode.c.h; path = WelcomePop.h; sourceTree = "<group>"; };
		C0ADAE3C16D6D7600042A5BF /* WelcomePop.m */ = {isa = PBXFileReference; fileEncoding = 4; lastKnownFileType = sourcecode.c.objc; path = WelcomePop.m; sourceTree = "<group>"; };
		C0ADAE3D16D6D7600042A5BF /* WelcomePop.xib */ = {isa = PBXFileReference; fileEncoding = 4; lastKnownFileType = file.xib; path = WelcomePop.xib; sourceTree = "<group>"; };
/* End PBXFileReference section */

/* Begin PBXFrameworksBuildPhase section */
		C05EE2CC16D5AE7E008D4108 /* Frameworks */ = {
			isa = PBXFrameworksBuildPhase;
			buildActionMask = 2147483647;
			files = (
				C05EE2D416D5AE7E008D4108 /* UIKit.framework in Frameworks */,
				C05EE2D616D5AE7E008D4108 /* Foundation.framework in Frameworks */,
				C05EE2D816D5AE7E008D4108 /* CoreGraphics.framework in Frameworks */,
			);
			runOnlyForDeploymentPostprocessing = 0;
		};
/* End PBXFrameworksBuildPhase section */

/* Begin PBXGroup section */
		C05EE2C416D5AE7E008D4108 = {
			isa = PBXGroup;
			children = (
				C05EE2D916D5AE7E008D4108 /* West_Assignment6 */,
				C05EE2D216D5AE7E008D4108 /* Frameworks */,
				C05EE2D016D5AE7E008D4108 /* Products */,
			);
			sourceTree = "<group>";
		};
		C05EE2D016D5AE7E008D4108 /* Products */ = {
			isa = PBXGroup;
			children = (
				C05EE2CF16D5AE7E008D4108 /* West_Assignment6.app */,
			);
			name = Products;
			sourceTree = "<group>";
		};
		C05EE2D216D5AE7E008D4108 /* Frameworks */ = {
			isa = PBXGroup;
			children = (
				C05EE2D316D5AE7E008D4108 /* UIKit.framework */,
				C05EE2D516D5AE7E008D4108 /* Foundation.framework */,
				C05EE2D716D5AE7E008D4108 /* CoreGraphics.framework */,
			);
			name = Frameworks;
			sourceTree = "<group>";
		};
		C05EE2D916D5AE7E008D4108 /* West_Assignment6 */ = {
			isa = PBXGroup;
			children = (
				C05EE2F616D5AECC008D4108 /* ObjectManager.h */,
				C05EE2F716D5AECC008D4108 /* ObjectManager.m */,
				C05EE2E216D5AE7E008D4108 /* AppDelegate.h */,
				C05EE2E316D5AE7E008D4108 /* AppDelegate.m */,
				C05EE2EB16D5AE7E008D4108 /* ViewController.h */,
				C05EE2EC16D5AE7E008D4108 /* ViewController.m */,
				C05EE2EE16D5AE7E008D4108 /* ViewController.xib */,
				C01714B616DC0E2600D0551D /* DetailPopup.h */,
				C01510BF16DC2982006F2FFF /* DetailPopup.xib */,
				C01714B716DC0E2600D0551D /* DetailPopup.m */,
				C0ADAE3B16D6D7600042A5BF /* WelcomePop.h */,
				C0ADAE3C16D6D7600042A5BF /* WelcomePop.m */,
				C0ADAE3D16D6D7600042A5BF /* WelcomePop.xib */,
				C09302A516D6F1DA009E02B0 /* AddObject.h */,
				C09302A616D6F1DA009E02B0 /* AddObject.m */,
				C09302A716D6F1DB009E02B0 /* AddObject.xib */,
				C09302AD16D6F73A009E02B0 /* Objects */,
				C05EE2DA16D5AE7E008D4108 /* Supporting Files */,
			);
			path = West_Assignment6;
			sourceTree = "<group>";
		};
		C05EE2DA16D5AE7E008D4108 /* Supporting Files */ = {
			isa = PBXGroup;
			children = (
				C0A4C8C716DC36160009BF1E /* no_image.png */,
				C05EE30316D5E920008D4108 /* cameraB.png */,
				C05EE2FF16D5B940008D4108 /* icon.png */,
				C05EE30116D5B95B008D4108 /* banner.png */,
				C05EE2DB16D5AE7E008D4108 /* West_Assignment6-Info.plist */,
				C05EE2DC16D5AE7E008D4108 /* InfoPlist.strings */,
				C05EE2DF16D5AE7E008D4108 /* main.m */,
				C05EE2E116D5AE7E008D4108 /* West_Assignment6-Prefix.pch */,
				C05EE2E516D5AE7E008D4108 /* Default.png */,
				C05EE2E716D5AE7E008D4108 /* Default@2x.png */,
				C05EE2E916D5AE7E008D4108 /* Default-568h@2x.png */,
			);
			name = "Supporting Files";
			sourceTree = "<group>";
		};
		C09302AD16D6F73A009E02B0 /* Objects */ = {
			isa = PBXGroup;
			children = (
				C05EE2F916D5AF58008D4108 /* PlantObject.h */,
				C05EE2FA16D5AF58008D4108 /* PlantObject.m */,
				C09302AA16D6F6C8009E02B0 /* Object.h */,
				C09302AB16D6F6C9009E02B0 /* Object.m */,
				C05EE2FC16D5AFC8008D4108 /* CritterObject.h */,
				C05EE2FD16D5AFC8008D4108 /* CritterObject.m */,
			);
			name = Objects;
			path = ..;
			sourceTree = "<group>";
		};
/* End PBXGroup section */

/* Begin PBXNativeTarget section */
		C05EE2CE16D5AE7E008D4108 /* West_Assignment6 */ = {
			isa = PBXNativeTarget;
			buildConfigurationList = C05EE2F316D5AE7E008D4108 /* Build configuration list for PBXNativeTarget "West_Assignment6" */;
			buildPhases = (
				C05EE2CB16D5AE7E008D4108 /* Sources */,
				C05EE2CC16D5AE7E008D4108 /* Frameworks */,
				C05EE2CD16D5AE7E008D4108 /* Resources */,
			);
			buildRules = (
			);
			dependencies = (
			);
			name = West_Assignment6;
			productName = West_Assignment6;
			productReference = C05EE2CF16D5AE7E008D4108 /* West_Assignment6.app */;
			productType = "com.apple.product-type.application";
		};
/* End PBXNativeTarget section */

/* Begin PBXProject section */
		C05EE2C616D5AE7E008D4108 /* Project object */ = {
			isa = PBXProject;
			attributes = {
				LastUpgradeCheck = 0450;
				ORGANIZATIONNAME = "Gabriel West";
			};
			buildConfigurationList = C05EE2C916D5AE7E008D4108 /* Build configuration list for PBXProject "West_Assignment6" */;
			compatibilityVersion = "Xcode 3.2";
			developmentRegion = English;
			hasScannedForEncodings = 0;
			knownRegions = (
				en,
			);
			mainGroup = C05EE2C416D5AE7E008D4108;
			productRefGroup = C05EE2D016D5AE7E008D4108 /* Products */;
			projectDirPath = "";
			projectRoot = "";
			targets = (
				C05EE2CE16D5AE7E008D4108 /* West_Assignment6 */,
			);
		};
/* End PBXProject section */

/* Begin PBXResourcesBuildPhase section */
		C05EE2CD16D5AE7E008D4108 /* Resources */ = {
			isa = PBXResourcesBuildPhase;
			buildActionMask = 2147483647;
			files = (
				C05EE2DE16D5AE7E008D4108 /* InfoPlist.strings in Resources */,
				C05EE2E616D5AE7E008D4108 /* Default.png in Resources */,
				C05EE2E816D5AE7E008D4108 /* Default@2x.png in Resources */,
				C05EE2EA16D5AE7E008D4108 /* Default-568h@2x.png in Resources */,
				C05EE2F016D5AE7E008D4108 /* ViewController.xib in Resources */,
				C05EE30016D5B940008D4108 /* icon.png in Resources */,
				C05EE30216D5B95B008D4108 /* banner.png in Resources */,
				C05EE30416D5E920008D4108 /* cameraB.png in Resources */,
				C0ADAE3F16D6D7600042A5BF /* WelcomePop.xib in Resources */,
				C09302A916D6F1DB009E02B0 /* AddObject.xib in Resources */,
				C01510C016DC2982006F2FFF /* DetailPopup.xib in Resources */,
				C0A4C8C816DC36160009BF1E /* no_image.png in Resources */,
			);
			runOnlyForDeploymentPostprocessing = 0;
		};
/* End PBXResourcesBuildPhase section */

/* Begin PBXSourcesBuildPhase section */
		C05EE2CB16D5AE7E008D4108 /* Sources */ = {
			isa = PBXSourcesBuildPhase;
			buildActionMask = 2147483647;
			files = (
				C05EE2E016D5AE7E008D4108 /* main.m in Sources */,
				C05EE2E416D5AE7E008D4108 /* AppDelegate.m in Sources */,
				C05EE2ED16D5AE7E008D4108 /* ViewController.m in Sources */,
				C05EE2F816D5AECC008D4108 /* ObjectManager.m in Sources */,
				C05EE2FB16D5AF58008D4108 /* PlantObject.m in Sources */,
				C05EE2FE16D5AFC8008D4108 /* CritterObject.m in Sources */,
				C0ADAE3E16D6D7600042A5BF /* WelcomePop.m in Sources */,
				C09302A816D6F1DB009E02B0 /* AddObject.m in Sources */,
				C09302AC16D6F6C9009E02B0 /* Object.m in Sources */,
				C01714B816DC0E2600D0551D /* DetailPopup.m in Sources */,
			);
			runOnlyForDeploymentPostprocessing = 0;
		};
/* End PBXSourcesBuildPhase section */

/* Begin PBXVariantGroup section */
		C05EE2DC16D5AE7E008D4108 /* InfoPlist.strings */ = {
			isa = PBXVariantGroup;
			children = (
				C05EE2DD16D5AE7E008D4108 /* en */,
			);
			name = InfoPlist.strings;
			sourceTree = "<group>";
		};
		C05EE2EE16D5AE7E008D4108 /* ViewController.xib */ = {
			isa = PBXVariantGroup;
			children = (
				C05EE2EF16D5AE7E008D4108 /* en */,
			);
			name = ViewController.xib;
			sourceTree = "<group>";
		};
/* End PBXVariantGroup section */

/* Begin XCBuildConfiguration section */
		C05EE2F116D5AE7E008D4108 /* Debug */ = {
			isa = XCBuildConfiguration;
			buildSettings = {
				ALWAYS_SEARCH_USER_PATHS = NO;
				CLANG_CXX_LANGUAGE_STANDARD = "gnu++0x";
				CLANG_CXX_LIBRARY = "libc++";
				CLANG_ENABLE_OBJC_ARC = YES;
				CLANG_WARN_EMPTY_BODY = YES;
				CLANG_WARN__DUPLICATE_METHOD_MATCH = YES;
				"CODE_SIGN_IDENTITY[sdk=iphoneos*]" = "iPhone Developer";
				COPY_PHASE_STRIP = NO;
				GCC_C_LANGUAGE_STANDARD = gnu99;
				GCC_DYNAMIC_NO_PIC = NO;
				GCC_OPTIMIZATION_LEVEL = 0;
				GCC_PREPROCESSOR_DEFINITIONS = (
					"DEBUG=1",
					"$(inherited)",
				);
				GCC_SYMBOLS_PRIVATE_EXTERN = NO;
				GCC_WARN_ABOUT_RETURN_TYPE = YES;
				GCC_WARN_UNINITIALIZED_AUTOS = YES;
				GCC_WARN_UNUSED_VARIABLE = YES;
				IPHONEOS_DEPLOYMENT_TARGET = 6.0;
				SDKROOT = iphoneos;
			};
			name = Debug;
		};
		C05EE2F216D5AE7E008D4108 /* Release */ = {
			isa = XCBuildConfiguration;
			buildSettings = {
				ALWAYS_SEARCH_USER_PATHS = NO;
				CLANG_CXX_LANGUAGE_STANDARD = "gnu++0x";
				CLANG_CXX_LIBRARY = "libc++";
				CLANG_ENABLE_OBJC_ARC = YES;
				CLANG_WARN_EMPTY_BODY = YES;
				CLANG_WARN__DUPLICATE_METHOD_MATCH = YES;
				"CODE_SIGN_IDENTITY[sdk=iphoneos*]" = "iPhone Developer";
				COPY_PHASE_STRIP = YES;
				GCC_C_LANGUAGE_STANDARD = gnu99;
				GCC_WARN_ABOUT_RETURN_TYPE = YES;
				GCC_WARN_UNINITIALIZED_AUTOS = YES;
				GCC_WARN_UNUSED_VARIABLE = YES;
				IPHONEOS_DEPLOYMENT_TARGET = 6.0;
				OTHER_CFLAGS = "-DNS_BLOCK_ASSERTIONS=1";
				SDKROOT = iphoneos;
				VALIDATE_PRODUCT = YES;
			};
			name = Release;
		};
		C05EE2F416D5AE7E008D4108 /* Debug */ = {
			isa = XCBuildConfiguration;
			buildSettings = {
				GCC_PRECOMPILE_PREFIX_HEADER = YES;
				GCC_PREFIX_HEADER = "West_Assignment6/West_Assignment6-Prefix.pch";
				INFOPLIST_FILE = "West_Assignment6/West_Assignment6-Info.plist";
				PRODUCT_NAME = "$(TARGET_NAME)";
				WRAPPER_EXTENSION = app;
			};
			name = Debug;
		};
		C05EE2F516D5AE7E008D4108 /* Release */ = {
			isa = XCBuildConfiguration;
			buildSettings = {
				GCC_PRECOMPILE_PREFIX_HEADER = YES;
				GCC_PREFIX_HEADER = "West_Assignment6/West_Assignment6-Prefix.pch";
				INFOPLIST_FILE = "West_Assignment6/West_Assignment6-Info.plist";
				PRODUCT_NAME = "$(TARGET_NAME)";
				WRAPPER_EXTENSION = app;
			};
			name = Release;
		};
/* End XCBuildConfiguration section */

/* Begin XCConfigurationList section */
		C05EE2C916D5AE7E008D4108 /* Build configuration list for PBXProject "West_Assignment6" */ = {
			isa = XCConfigurationList;
			buildConfigurations = (
				C05EE2F116D5AE7E008D4108 /* Debug */,
				C05EE2F216D5AE7E008D4108 /* Release */,
			);
			defaultConfigurationIsVisible = 0;
			defaultConfigurationName = Release;
		};
		C05EE2F316D5AE7E008D4108 /* Build configuration list for PBXNativeTarget "West_Assignment6" */ = {
			isa = XCConfigurationList;
			buildConfigurations = (
				C05EE2F416D5AE7E008D4108 /* Debug */,
				C05EE2F516D5AE7E008D4108 /* Release */,
			);
			defaultConfigurationIsVisible = 0;
			defaultConfigurationName = Release;
		};
/* End XCConfigurationList section */
	};
	rootObject = C05EE2C616D5AE7E008D4108 /* Project object */;
}
